// !$*UTF8*$!
{
	archiveVersion = 1;
	classes = {
	};
	objectVersion = 46;
	objects = {

/* Begin PBXBuildFile section */
		AA005E301B7FFFD8007DAF05 /* StringConverter.m in Sources */ = {isa = PBXBuildFile; fileRef = AA005E2F1B7FFFD8007DAF05 /* StringConverter.m */; };
		AA02C30A1B86106800456113 /* MainTabBarController.m in Sources */ = {isa = PBXBuildFile; fileRef = AA02C3091B86106800456113 /* MainTabBarController.m */; };
		AA02C30F1B863C4900456113 /* MainNavigationController.m in Sources */ = {isa = PBXBuildFile; fileRef = AA02C30E1B863C4900456113 /* MainNavigationController.m */; };
		AA02C3171B87CBE400456113 /* LogTableController.m in Sources */ = {isa = PBXBuildFile; fileRef = AA02C3161B87CBE400456113 /* LogTableController.m */; };
		AA02C31A1B87D84500456113 /* AudioManager.m in Sources */ = {isa = PBXBuildFile; fileRef = AA02C3191B87D84500456113 /* AudioManager.m */; };
		AA0AC9641B853D8500232E88 /* RecordingViewController.m in Sources */ = {isa = PBXBuildFile; fileRef = AA0AC9631B853D8500232E88 /* RecordingViewController.m */; };
		AA0AC96C1B853DC500232E88 /* RecordingManager.m in Sources */ = {isa = PBXBuildFile; fileRef = AA0AC9691B853DC500232E88 /* RecordingManager.m */; };
		AA0AC9711B853E3100232E88 /* Constants.m in Sources */ = {isa = PBXBuildFile; fileRef = AA0AC9701B853E3100232E88 /* Constants.m */; };
		AA0AC9741B853E6700232E88 /* Model.m in Sources */ = {isa = PBXBuildFile; fileRef = AA0AC9731B853E6700232E88 /* Model.m */; };
		AA0AC9771B853E8D00232E88 /* SoundLevelMeterView.m in Sources */ = {isa = PBXBuildFile; fileRef = AA0AC9761B853E8D00232E88 /* SoundLevelMeterView.m */; };
		AA0AC97D1B853EB500232E88 /* SSKeychain.m in Sources */ = {isa = PBXBuildFile; fileRef = AA0AC97A1B853EB500232E88 /* SSKeychain.m */; };
		AA0AC97E1B853EB500232E88 /* SSKeychainQuery.m in Sources */ = {isa = PBXBuildFile; fileRef = AA0AC97C1B853EB500232E88 /* SSKeychainQuery.m */; };
		AA0AC9811B85425400232E88 /* AVFoundation.framework in Frameworks */ = {isa = PBXBuildFile; fileRef = AA0AC9801B85425400232E88 /* AVFoundation.framework */; };
		AA0AC9841B85425E00232E88 /* AudioToolbox.framework in Frameworks */ = {isa = PBXBuildFile; fileRef = AA0AC9821B85425E00232E88 /* AudioToolbox.framework */; };
		AA0AC9851B85425E00232E88 /* Security.framework in Frameworks */ = {isa = PBXBuildFile; fileRef = AA0AC9831B85425E00232E88 /* Security.framework */; };
		AA0D9E481B4B2B86009118B2 /* login.html in Resources */ = {isa = PBXBuildFile; fileRef = AA0D9E471B4B2B86009118B2 /* login.html */; };
		AA0EEE381B2CD5D5004CE5B5 /* main.m in Sources */ = {isa = PBXBuildFile; fileRef = AA0EEE371B2CD5D5004CE5B5 /* main.m */; };
		AA0EEE3B1B2CD5D5004CE5B5 /* AppDelegate.m in Sources */ = {isa = PBXBuildFile; fileRef = AA0EEE3A1B2CD5D5004CE5B5 /* AppDelegate.m */; };
		AA0EEE3E1B2CD5D5004CE5B5 /* Sleep_And_Snoring.xcdatamodeld in Sources */ = {isa = PBXBuildFile; fileRef = AA0EEE3C1B2CD5D5004CE5B5 /* Sleep_And_Snoring.xcdatamodeld */; };
		AA0EEE411B2CD5D5004CE5B5 /* SleepSnoringViewController.m in Sources */ = {isa = PBXBuildFile; fileRef = AA0EEE401B2CD5D5004CE5B5 /* SleepSnoringViewController.m */; };
		AA0EEE461B2CD5D5004CE5B5 /* Images.xcassets in Resources */ = {isa = PBXBuildFile; fileRef = AA0EEE451B2CD5D5004CE5B5 /* Images.xcassets */; };
		AA0EEE491B2CD5D5004CE5B5 /* LaunchScreen.xib in Resources */ = {isa = PBXBuildFile; fileRef = AA0EEE471B2CD5D5004CE5B5 /* LaunchScreen.xib */; };
		AA0EEE551B2CD5D5004CE5B5 /* Sleep_And_SnoringTests.m in Sources */ = {isa = PBXBuildFile; fileRef = AA0EEE541B2CD5D5004CE5B5 /* Sleep_And_SnoringTests.m */; };
		AA0EEE671B2CD64D004CE5B5 /* APIFetcher.m in Sources */ = {isa = PBXBuildFile; fileRef = AA0EEE601B2CD64D004CE5B5 /* APIFetcher.m */; };
		AA0EEE681B2CD64D004CE5B5 /* GTMHTTPFetcher.m in Sources */ = {isa = PBXBuildFile; fileRef = AA0EEE621B2CD64D004CE5B5 /* GTMHTTPFetcher.m */; settings = {COMPILER_FLAGS = "-fno-objc-arc"; }; };
		AA0EEE691B2CD64D004CE5B5 /* OAuth2Authentication.m in Sources */ = {isa = PBXBuildFile; fileRef = AA0EEE641B2CD64D004CE5B5 /* OAuth2Authentication.m */; };
		AA0EEE6A1B2CD64D004CE5B5 /* OAuth2ViewController.m in Sources */ = {isa = PBXBuildFile; fileRef = AA0EEE661B2CD64D004CE5B5 /* OAuth2ViewController.m */; };
		AA0EEE741B2CD66A004CE5B5 /* FitbitActivity.m in Sources */ = {isa = PBXBuildFile; fileRef = AA0EEE6D1B2CD66A004CE5B5 /* FitbitActivity.m */; };
		AA0EEE751B2CD66A004CE5B5 /* FitbitSleep.m in Sources */ = {isa = PBXBuildFile; fileRef = AA0EEE6F1B2CD66A004CE5B5 /* FitbitSleep.m */; };
		AA0EEE761B2CD66A004CE5B5 /* FitbitUser.m in Sources */ = {isa = PBXBuildFile; fileRef = AA0EEE711B2CD66A004CE5B5 /* FitbitUser.m */; };
		AA0EEE771B2CD66A004CE5B5 /* Sleep2DLandscapeView.m in Sources */ = {isa = PBXBuildFile; fileRef = AA0EEE731B2CD66A004CE5B5 /* Sleep2DLandscapeView.m */; };
		AA0EEE7B1B2CD779004CE5B5 /* Main.storyboard in Resources */ = {isa = PBXBuildFile; fileRef = AA0EEE7A1B2CD779004CE5B5 /* Main.storyboard */; };
		AA0EEFD71B2F906F004CE5B5 /* Accelerate.framework in Frameworks */ = {isa = PBXBuildFile; fileRef = AA0EEFD61B2F906F004CE5B5 /* Accelerate.framework */; };
		AA0EEFD91B2F9093004CE5B5 /* QuartzCore.framework in Frameworks */ = {isa = PBXBuildFile; fileRef = AA0EEFD81B2F9093004CE5B5 /* QuartzCore.framework */; };
		AA0EEFE61B2F990B004CE5B5 /* libCorePlot-CocoaTouch.a in Frameworks */ = {isa = PBXBuildFile; fileRef = AA0EEFE31B2F9871004CE5B5 /* libCorePlot-CocoaTouch.a */; };
		AA0EEFEB1B3045AA004CE5B5 /* SleepScatterPlotController.m in Sources */ = {isa = PBXBuildFile; fileRef = AA0EEFEA1B3045AA004CE5B5 /* SleepScatterPlotController.m */; };
		AA0EEFF71B31AAB7004CE5B5 /* ScatterPlot.xib in Resources */ = {isa = PBXBuildFile; fileRef = AA0EEFF61B31AAB7004CE5B5 /* ScatterPlot.xib */; };
		AA3BADE31B55587900A03093 /* GenericDate.m in Sources */ = {isa = PBXBuildFile; fileRef = AA3BADE21B55587900A03093 /* GenericDate.m */; };
		AA7DCA5E1B4F452900F37C7A /* w3.css in Resources */ = {isa = PBXBuildFile; fileRef = AA7DCA5D1B4F452900F37C7A /* w3.css */; };
		AA7DCA601B4F472A00F37C7A /* sheflogo.gif in Resources */ = {isa = PBXBuildFile; fileRef = AA7DCA5F1B4F472A00F37C7A /* sheflogo.gif */; };
		AAAD011F1B72550B004B289A /* FitbitHeartRate.m in Sources */ = {isa = PBXBuildFile; fileRef = AAAD011E1B72550B004B289A /* FitbitHeartRate.m */; };
/* End PBXBuildFile section */

/* Begin PBXContainerItemProxy section */
		AA0EEE4F1B2CD5D5004CE5B5 /* PBXContainerItemProxy */ = {
			isa = PBXContainerItemProxy;
			containerPortal = AA0EEE2A1B2CD5D5004CE5B5 /* Project object */;
			proxyType = 1;
			remoteGlobalIDString = AA0EEE311B2CD5D5004CE5B5;
			remoteInfo = "Sleep And Snoring";
		};
		AA0EEFE21B2F9871004CE5B5 /* PBXContainerItemProxy */ = {
			isa = PBXContainerItemProxy;
			containerPortal = AA0EEFDC1B2F9871004CE5B5 /* CorePlot-CocoaTouch.xcodeproj */;
			proxyType = 2;
			remoteGlobalIDString = BC9B83470FB8A0A40035D8DA;
			remoteInfo = "CorePlot-CocoaTouch";
		};
		AA0EEFE41B2F98CB004CE5B5 /* PBXContainerItemProxy */ = {
			isa = PBXContainerItemProxy;
			containerPortal = AA0EEFDC1B2F9871004CE5B5 /* CorePlot-CocoaTouch.xcodeproj */;
			proxyType = 1;
			remoteGlobalIDString = BC9B83460FB8A0A40035D8DA;
			remoteInfo = "CorePlot-CocoaTouch";
		};
/* End PBXContainerItemProxy section */

/* Begin PBXFileReference section */
		AA005E2E1B7FFFD8007DAF05 /* StringConverter.h */ = {isa = PBXFileReference; fileEncoding = 4; lastKnownFileType = sourcecode.c.h; path = StringConverter.h; sourceTree = "<group>"; };
		AA005E2F1B7FFFD8007DAF05 /* StringConverter.m */ = {isa = PBXFileReference; fileEncoding = 4; lastKnownFileType = sourcecode.c.objc; path = StringConverter.m; sourceTree = "<group>"; };
		AA02C3081B86106800456113 /* MainTabBarController.h */ = {isa = PBXFileReference; fileEncoding = 4; lastKnownFileType = sourcecode.c.h; path = MainTabBarController.h; sourceTree = "<group>"; };
		AA02C3091B86106800456113 /* MainTabBarController.m */ = {isa = PBXFileReference; fileEncoding = 4; lastKnownFileType = sourcecode.c.objc; path = MainTabBarController.m; sourceTree = "<group>"; };
		AA02C30D1B863C4900456113 /* MainNavigationController.h */ = {isa = PBXFileReference; fileEncoding = 4; lastKnownFileType = sourcecode.c.h; path = MainNavigationController.h; sourceTree = "<group>"; };
		AA02C30E1B863C4900456113 /* MainNavigationController.m */ = {isa = PBXFileReference; fileEncoding = 4; lastKnownFileType = sourcecode.c.objc; path = MainNavigationController.m; sourceTree = "<group>"; };
		AA02C3151B87CBE400456113 /* LogTableController.h */ = {isa = PBXFileReference; fileEncoding = 4; lastKnownFileType = sourcecode.c.h; path = LogTableController.h; sourceTree = "<group>"; };
		AA02C3161B87CBE400456113 /* LogTableController.m */ = {isa = PBXFileReference; fileEncoding = 4; lastKnownFileType = sourcecode.c.objc; path = LogTableController.m; sourceTree = "<group>"; };
		AA02C3181B87D84500456113 /* AudioManager.h */ = {isa = PBXFileReference; fileEncoding = 4; lastKnownFileType = sourcecode.c.h; path = AudioManager.h; sourceTree = "<group>"; };
		AA02C3191B87D84500456113 /* AudioManager.m */ = {isa = PBXFileReference; fileEncoding = 4; lastKnownFileType = sourcecode.c.objc; path = AudioManager.m; sourceTree = "<group>"; };
		AA0AC9621B853D8500232E88 /* RecordingViewController.h */ = {isa = PBXFileReference; fileEncoding = 4; lastKnownFileType = sourcecode.c.h; path = RecordingViewController.h; sourceTree = "<group>"; };
		AA0AC9631B853D8500232E88 /* RecordingViewController.m */ = {isa = PBXFileReference; fileEncoding = 4; lastKnownFileType = sourcecode.c.objc; path = RecordingViewController.m; sourceTree = "<group>"; };
		AA0AC9681B853DC500232E88 /* RecordingManager.h */ = {isa = PBXFileReference; fileEncoding = 4; lastKnownFileType = sourcecode.c.h; path = RecordingManager.h; sourceTree = "<group>"; };
		AA0AC9691B853DC500232E88 /* RecordingManager.m */ = {isa = PBXFileReference; fileEncoding = 4; lastKnownFileType = sourcecode.c.objc; path = RecordingManager.m; sourceTree = "<group>"; };
		AA0AC96F1B853E3100232E88 /* Constants.h */ = {isa = PBXFileReference; fileEncoding = 4; lastKnownFileType = sourcecode.c.h; path = Constants.h; sourceTree = "<group>"; };
		AA0AC9701B853E3100232E88 /* Constants.m */ = {isa = PBXFileReference; fileEncoding = 4; lastKnownFileType = sourcecode.c.objc; path = Constants.m; sourceTree = "<group>"; };
		AA0AC9721B853E6700232E88 /* Model.h */ = {isa = PBXFileReference; fileEncoding = 4; lastKnownFileType = sourcecode.c.h; path = Model.h; sourceTree = "<group>"; };
		AA0AC9731B853E6700232E88 /* Model.m */ = {isa = PBXFileReference; fileEncoding = 4; lastKnownFileType = sourcecode.c.objc; path = Model.m; sourceTree = "<group>"; };
		AA0AC9751B853E8D00232E88 /* SoundLevelMeterView.h */ = {isa = PBXFileReference; fileEncoding = 4; lastKnownFileType = sourcecode.c.h; path = SoundLevelMeterView.h; sourceTree = "<group>"; };
		AA0AC9761B853E8D00232E88 /* SoundLevelMeterView.m */ = {isa = PBXFileReference; fileEncoding = 4; lastKnownFileType = sourcecode.c.objc; path = SoundLevelMeterView.m; sourceTree = "<group>"; };
		AA0AC9791B853EB500232E88 /* SSKeychain.h */ = {isa = PBXFileReference; fileEncoding = 4; lastKnownFileType = sourcecode.c.h; path = SSKeychain.h; sourceTree = "<group>"; };
		AA0AC97A1B853EB500232E88 /* SSKeychain.m */ = {isa = PBXFileReference; fileEncoding = 4; lastKnownFileType = sourcecode.c.objc; path = SSKeychain.m; sourceTree = "<group>"; };
		AA0AC97B1B853EB500232E88 /* SSKeychainQuery.h */ = {isa = PBXFileReference; fileEncoding = 4; lastKnownFileType = sourcecode.c.h; path = SSKeychainQuery.h; sourceTree = "<group>"; };
		AA0AC97C1B853EB500232E88 /* SSKeychainQuery.m */ = {isa = PBXFileReference; fileEncoding = 4; lastKnownFileType = sourcecode.c.objc; path = SSKeychainQuery.m; sourceTree = "<group>"; };
		AA0AC9801B85425400232E88 /* AVFoundation.framework */ = {isa = PBXFileReference; lastKnownFileType = wrapper.framework; path = AVFoundation.framework; sourceTree = "<group>"; };
		AA0AC9821B85425E00232E88 /* AudioToolbox.framework */ = {isa = PBXFileReference; lastKnownFileType = wrapper.framework; path = AudioToolbox.framework; sourceTree = "<group>"; };
		AA0AC9831B85425E00232E88 /* Security.framework */ = {isa = PBXFileReference; lastKnownFileType = wrapper.framework; path = Security.framework; sourceTree = "<group>"; };
		AA0D9E471B4B2B86009118B2 /* login.html */ = {isa = PBXFileReference; fileEncoding = 4; lastKnownFileType = text.html; path = login.html; sourceTree = "<group>"; };
		AA0EEE321B2CD5D5004CE5B5 /* Sleep And Snoring.app */ = {isa = PBXFileReference; explicitFileType = wrapper.application; includeInIndex = 0; path = "Sleep And Snoring.app"; sourceTree = BUILT_PRODUCTS_DIR; };
		AA0EEE361B2CD5D5004CE5B5 /* Info.plist */ = {isa = PBXFileReference; lastKnownFileType = text.plist.xml; path = Info.plist; sourceTree = "<group>"; };
		AA0EEE371B2CD5D5004CE5B5 /* main.m */ = {isa = PBXFileReference; lastKnownFileType = sourcecode.c.objc; path = main.m; sourceTree = "<group>"; };
		AA0EEE391B2CD5D5004CE5B5 /* AppDelegate.h */ = {isa = PBXFileReference; lastKnownFileType = sourcecode.c.h; path = AppDelegate.h; sourceTree = "<group>"; };
		AA0EEE3A1B2CD5D5004CE5B5 /* AppDelegate.m */ = {isa = PBXFileReference; lastKnownFileType = sourcecode.c.objc; path = AppDelegate.m; sourceTree = "<group>"; };
		AA0EEE3D1B2CD5D5004CE5B5 /* Sleep_And_Snoring.xcdatamodel */ = {isa = PBXFileReference; lastKnownFileType = wrapper.xcdatamodel; path = Sleep_And_Snoring.xcdatamodel; sourceTree = "<group>"; };
		AA0EEE3F1B2CD5D5004CE5B5 /* SleepSnoringViewController.h */ = {isa = PBXFileReference; lastKnownFileType = sourcecode.c.h; name = SleepSnoringViewController.h; path = ../SleepSnoringViewController.h; sourceTree = "<group>"; };
		AA0EEE401B2CD5D5004CE5B5 /* SleepSnoringViewController.m */ = {isa = PBXFileReference; lastKnownFileType = sourcecode.c.objc; name = SleepSnoringViewController.m; path = ../SleepSnoringViewController.m; sourceTree = "<group>"; };
		AA0EEE451B2CD5D5004CE5B5 /* Images.xcassets */ = {isa = PBXFileReference; lastKnownFileType = folder.assetcatalog; path = Images.xcassets; sourceTree = "<group>"; };
		AA0EEE481B2CD5D5004CE5B5 /* Base */ = {isa = PBXFileReference; lastKnownFileType = file.xib; name = Base; path = Base.lproj/LaunchScreen.xib; sourceTree = "<group>"; };
		AA0EEE4E1B2CD5D5004CE5B5 /* Sleep And SnoringTests.xctest */ = {isa = PBXFileReference; explicitFileType = wrapper.cfbundle; includeInIndex = 0; path = "Sleep And SnoringTests.xctest"; sourceTree = BUILT_PRODUCTS_DIR; };
		AA0EEE531B2CD5D5004CE5B5 /* Info.plist */ = {isa = PBXFileReference; lastKnownFileType = text.plist.xml; path = Info.plist; sourceTree = "<group>"; };
		AA0EEE541B2CD5D5004CE5B5 /* Sleep_And_SnoringTests.m */ = {isa = PBXFileReference; lastKnownFileType = sourcecode.c.objc; path = Sleep_And_SnoringTests.m; sourceTree = "<group>"; };
		AA0EEE5F1B2CD64D004CE5B5 /* APIFetcher.h */ = {isa = PBXFileReference; fileEncoding = 4; lastKnownFileType = sourcecode.c.h; path = APIFetcher.h; sourceTree = "<group>"; };
		AA0EEE601B2CD64D004CE5B5 /* APIFetcher.m */ = {isa = PBXFileReference; fileEncoding = 4; lastKnownFileType = sourcecode.c.objc; path = APIFetcher.m; sourceTree = "<group>"; };
		AA0EEE611B2CD64D004CE5B5 /* GTMHTTPFetcher.h */ = {isa = PBXFileReference; fileEncoding = 4; lastKnownFileType = sourcecode.c.h; path = GTMHTTPFetcher.h; sourceTree = "<group>"; };
		AA0EEE621B2CD64D004CE5B5 /* GTMHTTPFetcher.m */ = {isa = PBXFileReference; fileEncoding = 4; lastKnownFileType = sourcecode.c.objc; path = GTMHTTPFetcher.m; sourceTree = "<group>"; };
		AA0EEE631B2CD64D004CE5B5 /* OAuth2Authentication.h */ = {isa = PBXFileReference; fileEncoding = 4; lastKnownFileType = sourcecode.c.h; path = OAuth2Authentication.h; sourceTree = "<group>"; };
		AA0EEE641B2CD64D004CE5B5 /* OAuth2Authentication.m */ = {isa = PBXFileReference; fileEncoding = 4; lastKnownFileType = sourcecode.c.objc; path = OAuth2Authentication.m; sourceTree = "<group>"; };
		AA0EEE651B2CD64D004CE5B5 /* OAuth2ViewController.h */ = {isa = PBXFileReference; fileEncoding = 4; lastKnownFileType = sourcecode.c.h; path = OAuth2ViewController.h; sourceTree = "<group>"; };
		AA0EEE661B2CD64D004CE5B5 /* OAuth2ViewController.m */ = {isa = PBXFileReference; fileEncoding = 4; lastKnownFileType = sourcecode.c.objc; path = OAuth2ViewController.m; sourceTree = "<group>"; };
		AA0EEE6C1B2CD66A004CE5B5 /* FitbitActivity.h */ = {isa = PBXFileReference; fileEncoding = 4; lastKnownFileType = sourcecode.c.h; path = FitbitActivity.h; sourceTree = "<group>"; };
		AA0EEE6D1B2CD66A004CE5B5 /* FitbitActivity.m */ = {isa = PBXFileReference; fileEncoding = 4; lastKnownFileType = sourcecode.c.objc; path = FitbitActivity.m; sourceTree = "<group>"; };
		AA0EEE6E1B2CD66A004CE5B5 /* FitbitSleep.h */ = {isa = PBXFileReference; fileEncoding = 4; lastKnownFileType = sourcecode.c.h; path = FitbitSleep.h; sourceTree = "<group>"; };
		AA0EEE6F1B2CD66A004CE5B5 /* FitbitSleep.m */ = {isa = PBXFileReference; fileEncoding = 4; lastKnownFileType = sourcecode.c.objc; path = FitbitSleep.m; sourceTree = "<group>"; };
		AA0EEE701B2CD66A004CE5B5 /* FitbitUser.h */ = {isa = PBXFileReference; fileEncoding = 4; lastKnownFileType = sourcecode.c.h; path = FitbitUser.h; sourceTree = "<group>"; };
		AA0EEE711B2CD66A004CE5B5 /* FitbitUser.m */ = {isa = PBXFileReference; fileEncoding = 4; lastKnownFileType = sourcecode.c.objc; path = FitbitUser.m; sourceTree = "<group>"; };
		AA0EEE721B2CD66A004CE5B5 /* Sleep2DLandscapeView.h */ = {isa = PBXFileReference; fileEncoding = 4; lastKnownFileType = sourcecode.c.h; path = Sleep2DLandscapeView.h; sourceTree = "<group>"; };
		AA0EEE731B2CD66A004CE5B5 /* Sleep2DLandscapeView.m */ = {isa = PBXFileReference; fileEncoding = 4; lastKnownFileType = sourcecode.c.objc; path = Sleep2DLandscapeView.m; sourceTree = "<group>"; };
		AA0EEE791B2CD672004CE5B5 /* GenericDelegate.h */ = {isa = PBXFileReference; fileEncoding = 4; lastKnownFileType = sourcecode.c.h; path = GenericDelegate.h; sourceTree = "<group>"; };
		AA0EEE7A1B2CD779004CE5B5 /* Main.storyboard */ = {isa = PBXFileReference; fileEncoding = 4; lastKnownFileType = file.storyboard; path = Main.storyboard; sourceTree = "<group>"; };
		AA0EEE7C1B2CD85A004CE5B5 /* FitbitAPI.h */ = {isa = PBXFileReference; lastKnownFileType = sourcecode.c.h; path = FitbitAPI.h; sourceTree = "<group>"; };
		AA0EEFD61B2F906F004CE5B5 /* Accelerate.framework */ = {isa = PBXFileReference; lastKnownFileType = wrapper.framework; name = Accelerate.framework; path = System/Library/Frameworks/Accelerate.framework; sourceTree = SDKROOT; };
		AA0EEFD81B2F9093004CE5B5 /* QuartzCore.framework */ = {isa = PBXFileReference; lastKnownFileType = wrapper.framework; name = QuartzCore.framework; path = System/Library/Frameworks/QuartzCore.framework; sourceTree = SDKROOT; };
		AA0EEFDC1B2F9871004CE5B5 /* CorePlot-CocoaTouch.xcodeproj */ = {isa = PBXFileReference; lastKnownFileType = "wrapper.pb-project"; name = "CorePlot-CocoaTouch.xcodeproj"; path = "CoreplotFramework/CorePlot-CocoaTouch.xcodeproj"; sourceTree = "<group>"; };
		AA0EEFE91B3045AA004CE5B5 /* SleepScatterPlotController.h */ = {isa = PBXFileReference; fileEncoding = 4; lastKnownFileType = sourcecode.c.h; name = SleepScatterPlotController.h; path = ../SleepScatterPlotController.h; sourceTree = "<group>"; };
		AA0EEFEA1B3045AA004CE5B5 /* SleepScatterPlotController.m */ = {isa = PBXFileReference; fileEncoding = 4; lastKnownFileType = sourcecode.c.objc; name = SleepScatterPlotController.m; path = ../SleepScatterPlotController.m; sourceTree = "<group>"; };
		AA0EEFF61B31AAB7004CE5B5 /* ScatterPlot.xib */ = {isa = PBXFileReference; fileEncoding = 4; lastKnownFileType = file.xib; path = ScatterPlot.xib; sourceTree = "<group>"; };
		AA3BADE11B55587900A03093 /* GenericDate.h */ = {isa = PBXFileReference; fileEncoding = 4; lastKnownFileType = sourcecode.c.h; path = GenericDate.h; sourceTree = "<group>"; };
		AA3BADE21B55587900A03093 /* GenericDate.m */ = {isa = PBXFileReference; fileEncoding = 4; lastKnownFileType = sourcecode.c.objc; path = GenericDate.m; sourceTree = "<group>"; };
		AA7DCA5D1B4F452900F37C7A /* w3.css */ = {isa = PBXFileReference; fileEncoding = 4; lastKnownFileType = text.css; path = w3.css; sourceTree = "<group>"; };
		AA7DCA5F1B4F472A00F37C7A /* sheflogo.gif */ = {isa = PBXFileReference; lastKnownFileType = image.gif; path = sheflogo.gif; sourceTree = "<group>"; };
		AAAD011D1B72550B004B289A /* FitbitHeartRate.h */ = {isa = PBXFileReference; fileEncoding = 4; lastKnownFileType = sourcecode.c.h; path = FitbitHeartRate.h; sourceTree = "<group>"; };
		AAAD011E1B72550B004B289A /* FitbitHeartRate.m */ = {isa = PBXFileReference; fileEncoding = 4; lastKnownFileType = sourcecode.c.objc; path = FitbitHeartRate.m; sourceTree = "<group>"; };
/* End PBXFileReference section */

/* Begin PBXFrameworksBuildPhase section */
		AA0EEE2F1B2CD5D5004CE5B5 /* Frameworks */ = {
			isa = PBXFrameworksBuildPhase;
			buildActionMask = 2147483647;
			files = (
				AA0AC9811B85425400232E88 /* AVFoundation.framework in Frameworks */,
				AA0EEFE61B2F990B004CE5B5 /* libCorePlot-CocoaTouch.a in Frameworks */,
				AA0AC9841B85425E00232E88 /* AudioToolbox.framework in Frameworks */,
				AA0EEFD91B2F9093004CE5B5 /* QuartzCore.framework in Frameworks */,
				AA0AC9851B85425E00232E88 /* Security.framework in Frameworks */,
				AA0EEFD71B2F906F004CE5B5 /* Accelerate.framework in Frameworks */,
			);
			runOnlyForDeploymentPostprocessing = 0;
		};
		AA0EEE4B1B2CD5D5004CE5B5 /* Frameworks */ = {
			isa = PBXFrameworksBuildPhase;
			buildActionMask = 2147483647;
			files = (
			);
			runOnlyForDeploymentPostprocessing = 0;
		};
/* End PBXFrameworksBuildPhase section */

/* Begin PBXGroup section */
		AA02C3121B87BE4200456113 /* Frameworks */ = {
			isa = PBXGroup;
			children = (
				AA0AC9821B85425E00232E88 /* AudioToolbox.framework */,
				AA0AC9831B85425E00232E88 /* Security.framework */,
				AA0AC9801B85425400232E88 /* AVFoundation.framework */,
				AA0EEFD81B2F9093004CE5B5 /* QuartzCore.framework */,
				AA0EEFD61B2F906F004CE5B5 /* Accelerate.framework */,
			);
			name = Frameworks;
			sourceTree = "<group>";
		};
		AA0AC9671B853D9E00232E88 /* Auduo Recording */ = {
			isa = PBXGroup;
			children = (
				AA0AC9681B853DC500232E88 /* RecordingManager.h */,
				AA0AC9691B853DC500232E88 /* RecordingManager.m */,
				AA02C3181B87D84500456113 /* AudioManager.h */,
				AA02C3191B87D84500456113 /* AudioManager.m */,
			);
			name = "Auduo Recording";
			path = Model;
			sourceTree = "<group>";
		};
		AA0AC96E1B853E2200232E88 /* Miscellaneous */ = {
			isa = PBXGroup;
			children = (
				AA0AC96F1B853E3100232E88 /* Constants.h */,
				AA0AC9701B853E3100232E88 /* Constants.m */,
			);
			name = Miscellaneous;
			sourceTree = "<group>";
		};
		AA0AC9781B853E9A00232E88 /* Level Meter */ = {
			isa = PBXGroup;
			children = (
				AA0AC9751B853E8D00232E88 /* SoundLevelMeterView.h */,
				AA0AC9761B853E8D00232E88 /* SoundLevelMeterView.m */,
			);
			name = "Level Meter";
			sourceTree = "<group>";
		};
		AA0AC97F1B853EC100232E88 /* SSKeychain */ = {
			isa = PBXGroup;
			children = (
				AA0AC9791B853EB500232E88 /* SSKeychain.h */,
				AA0AC97A1B853EB500232E88 /* SSKeychain.m */,
				AA0AC97B1B853EB500232E88 /* SSKeychainQuery.h */,
				AA0AC97C1B853EB500232E88 /* SSKeychainQuery.m */,
			);
			name = SSKeychain;
			sourceTree = "<group>";
		};
		AA0EEE291B2CD5D5004CE5B5 = {
			isa = PBXGroup;
			children = (
				AA0EEFDC1B2F9871004CE5B5 /* CorePlot-CocoaTouch.xcodeproj */,
				AA02C3121B87BE4200456113 /* Frameworks */,
				AA0EEE341B2CD5D5004CE5B5 /* Classes */,
				AA0EEFF21B305AE1004CE5B5 /* Resources */,
				AA0EEE511B2CD5D5004CE5B5 /* Sleep And SnoringTests */,
				AA0EEE331B2CD5D5004CE5B5 /* Products */,
			);
			sourceTree = "<group>";
		};
		AA0EEE331B2CD5D5004CE5B5 /* Products */ = {
			isa = PBXGroup;
			children = (
				AA0EEE321B2CD5D5004CE5B5 /* Sleep And Snoring.app */,
				AA0EEE4E1B2CD5D5004CE5B5 /* Sleep And SnoringTests.xctest */,
			);
			name = Products;
			sourceTree = "<group>";
		};
		AA0EEE341B2CD5D5004CE5B5 /* Classes */ = {
			isa = PBXGroup;
			children = (
				AA0AC96E1B853E2200232E88 /* Miscellaneous */,
				AA0AC97F1B853EC100232E88 /* SSKeychain */,
				AA0AC9781B853E9A00232E88 /* Level Meter */,
				AA0EEE781B2CD672004CE5B5 /* MTB */,
				AA0EEE5E1B2CD64D004CE5B5 /* OAuth2 */,
				AA0EEE6B1B2CD66A004CE5B5 /* Model */,
				AA0AC9671B853D9E00232E88 /* Auduo Recording */,
				AA0EEFFE1B3311AC004CE5B5 /* Controller */,
				AA0EEE391B2CD5D5004CE5B5 /* AppDelegate.h */,
				AA0EEE3A1B2CD5D5004CE5B5 /* AppDelegate.m */,
				AA0EEE7A1B2CD779004CE5B5 /* Main.storyboard */,
				AA0EEE451B2CD5D5004CE5B5 /* Images.xcassets */,
				AA0EEE471B2CD5D5004CE5B5 /* LaunchScreen.xib */,
				AA0EEE3C1B2CD5D5004CE5B5 /* Sleep_And_Snoring.xcdatamodeld */,
				AA0EEE351B2CD5D5004CE5B5 /* Supporting Files */,
			);
			name = Classes;
			path = "Sleep And Snoring";
			sourceTree = "<group>";
		};
		AA0EEE351B2CD5D5004CE5B5 /* Supporting Files */ = {
			isa = PBXGroup;
			children = (
				AA0EEE361B2CD5D5004CE5B5 /* Info.plist */,
				AA0EEE371B2CD5D5004CE5B5 /* main.m */,
			);
			name = "Supporting Files";
			sourceTree = "<group>";
		};
		AA0EEE511B2CD5D5004CE5B5 /* Sleep And SnoringTests */ = {
			isa = PBXGroup;
			children = (
				AA0EEE541B2CD5D5004CE5B5 /* Sleep_And_SnoringTests.m */,
				AA0EEE521B2CD5D5004CE5B5 /* Supporting Files */,
			);
			path = "Sleep And SnoringTests";
			sourceTree = "<group>";
		};
		AA0EEE521B2CD5D5004CE5B5 /* Supporting Files */ = {
			isa = PBXGroup;
			children = (
				AA0EEE531B2CD5D5004CE5B5 /* Info.plist */,
			);
			name = "Supporting Files";
			sourceTree = "<group>";
		};
		AA0EEE5E1B2CD64D004CE5B5 /* OAuth2 */ = {
			isa = PBXGroup;
			children = (
				AA0EEE5F1B2CD64D004CE5B5 /* APIFetcher.h */,
				AA0EEE601B2CD64D004CE5B5 /* APIFetcher.m */,
				AA0EEE611B2CD64D004CE5B5 /* GTMHTTPFetcher.h */,
				AA0EEE621B2CD64D004CE5B5 /* GTMHTTPFetcher.m */,
				AA0EEE631B2CD64D004CE5B5 /* OAuth2Authentication.h */,
				AA0EEE641B2CD64D004CE5B5 /* OAuth2Authentication.m */,
				AA0EEE651B2CD64D004CE5B5 /* OAuth2ViewController.h */,
				AA0EEE661B2CD64D004CE5B5 /* OAuth2ViewController.m */,
			);
			path = OAuth2;
			sourceTree = "<group>";
		};
		AA0EEE6B1B2CD66A004CE5B5 /* Model */ = {
			isa = PBXGroup;
			children = (
				AA0AC9721B853E6700232E88 /* Model.h */,
				AA0AC9731B853E6700232E88 /* Model.m */,
				AA0EEE7C1B2CD85A004CE5B5 /* FitbitAPI.h */,
				AA0EEE6C1B2CD66A004CE5B5 /* FitbitActivity.h */,
				AA0EEE6D1B2CD66A004CE5B5 /* FitbitActivity.m */,
				AA0EEE6E1B2CD66A004CE5B5 /* FitbitSleep.h */,
				AA0EEE6F1B2CD66A004CE5B5 /* FitbitSleep.m */,
				AA0EEE701B2CD66A004CE5B5 /* FitbitUser.h */,
				AA0EEE711B2CD66A004CE5B5 /* FitbitUser.m */,
				AAAD011D1B72550B004B289A /* FitbitHeartRate.h */,
				AAAD011E1B72550B004B289A /* FitbitHeartRate.m */,
				AA0EEE721B2CD66A004CE5B5 /* Sleep2DLandscapeView.h */,
				AA0EEE731B2CD66A004CE5B5 /* Sleep2DLandscapeView.m */,
			);
			path = Model;
			sourceTree = "<group>";
		};
		AA0EEE781B2CD672004CE5B5 /* MTB */ = {
			isa = PBXGroup;
			children = (
				AA0EEE791B2CD672004CE5B5 /* GenericDelegate.h */,
				AA3BADE11B55587900A03093 /* GenericDate.h */,
				AA3BADE21B55587900A03093 /* GenericDate.m */,
				AA005E2E1B7FFFD8007DAF05 /* StringConverter.h */,
				AA005E2F1B7FFFD8007DAF05 /* StringConverter.m */,
			);
			path = MTB;
			sourceTree = "<group>";
		};
		AA0EEFDD1B2F9871004CE5B5 /* Products */ = {
			isa = PBXGroup;
			children = (
				AA0EEFE31B2F9871004CE5B5 /* libCorePlot-CocoaTouch.a */,
			);
			name = Products;
			sourceTree = "<group>";
		};
		AA0EEFF21B305AE1004CE5B5 /* Resources */ = {
			isa = PBXGroup;
			children = (
				AA0EEFF61B31AAB7004CE5B5 /* ScatterPlot.xib */,
				AA0D9E471B4B2B86009118B2 /* login.html */,
				AA7DCA5F1B4F472A00F37C7A /* sheflogo.gif */,
				AA7DCA5D1B4F452900F37C7A /* w3.css */,
			);
			name = Resources;
			path = "Sleep And Snoring";
			sourceTree = "<group>";
		};
		AA0EEFFE1B3311AC004CE5B5 /* Controller */ = {
			isa = PBXGroup;
			children = (
				AA0AC9621B853D8500232E88 /* RecordingViewController.h */,
				AA0AC9631B853D8500232E88 /* RecordingViewController.m */,
				AA02C30D1B863C4900456113 /* MainNavigationController.h */,
				AA02C30E1B863C4900456113 /* MainNavigationController.m */,
				AA02C3081B86106800456113 /* MainTabBarController.h */,
				AA02C3091B86106800456113 /* MainTabBarController.m */,
				AA02C3151B87CBE400456113 /* LogTableController.h */,
				AA02C3161B87CBE400456113 /* LogTableController.m */,
				AA0EEE3F1B2CD5D5004CE5B5 /* SleepSnoringViewController.h */,
				AA0EEE401B2CD5D5004CE5B5 /* SleepSnoringViewController.m */,
				AA0EEFE91B3045AA004CE5B5 /* SleepScatterPlotController.h */,
				AA0EEFEA1B3045AA004CE5B5 /* SleepScatterPlotController.m */,
			);
			name = Controller;
			path = Model;
			sourceTree = "<group>";
		};
/* End PBXGroup section */

/* Begin PBXNativeTarget section */
		AA0EEE311B2CD5D5004CE5B5 /* Sleep And Snoring */ = {
			isa = PBXNativeTarget;
			buildConfigurationList = AA0EEE581B2CD5D5004CE5B5 /* Build configuration list for PBXNativeTarget "Sleep And Snoring" */;
			buildPhases = (
				AA0EEE2E1B2CD5D5004CE5B5 /* Sources */,
				AA0EEE2F1B2CD5D5004CE5B5 /* Frameworks */,
				AA0EEE301B2CD5D5004CE5B5 /* Resources */,
			);
			buildRules = (
			);
			dependencies = (
				AA0EEFE51B2F98CB004CE5B5 /* PBXTargetDependency */,
			);
			name = "Sleep And Snoring";
			productName = "Sleep And Snoring";
			productReference = AA0EEE321B2CD5D5004CE5B5 /* Sleep And Snoring.app */;
			productType = "com.apple.product-type.application";
		};
		AA0EEE4D1B2CD5D5004CE5B5 /* Sleep And SnoringTests */ = {
			isa = PBXNativeTarget;
			buildConfigurationList = AA0EEE5B1B2CD5D5004CE5B5 /* Build configuration list for PBXNativeTarget "Sleep And SnoringTests" */;
			buildPhases = (
				AA0EEE4A1B2CD5D5004CE5B5 /* Sources */,
				AA0EEE4B1B2CD5D5004CE5B5 /* Frameworks */,
				AA0EEE4C1B2CD5D5004CE5B5 /* Resources */,
			);
			buildRules = (
			);
			dependencies = (
				AA0EEE501B2CD5D5004CE5B5 /* PBXTargetDependency */,
			);
			name = "Sleep And SnoringTests";
			productName = "Sleep And SnoringTests";
			productReference = AA0EEE4E1B2CD5D5004CE5B5 /* Sleep And SnoringTests.xctest */;
			productType = "com.apple.product-type.bundle.unit-test";
		};
/* End PBXNativeTarget section */

/* Begin PBXProject section */
		AA0EEE2A1B2CD5D5004CE5B5 /* Project object */ = {
			isa = PBXProject;
			attributes = {
				LastUpgradeCheck = 0630;
				ORGANIZATIONNAME = "Xibo Wang";
				TargetAttributes = {
					AA0EEE311B2CD5D5004CE5B5 = {
						CreatedOnToolsVersion = 6.3.2;
						DevelopmentTeam = 6YEH9YEK8B;
					};
					AA0EEE4D1B2CD5D5004CE5B5 = {
						CreatedOnToolsVersion = 6.3.2;
						TestTargetID = AA0EEE311B2CD5D5004CE5B5;
					};
				};
			};
			buildConfigurationList = AA0EEE2D1B2CD5D5004CE5B5 /* Build configuration list for PBXProject "Sleep And Snoring" */;
			compatibilityVersion = "Xcode 3.2";
			developmentRegion = English;
			hasScannedForEncodings = 0;
			knownRegions = (
				en,
				Base,
			);
			mainGroup = AA0EEE291B2CD5D5004CE5B5;
			productRefGroup = AA0EEE331B2CD5D5004CE5B5 /* Products */;
			projectDirPath = "";
			projectReferences = (
				{
					ProductGroup = AA0EEFDD1B2F9871004CE5B5 /* Products */;
					ProjectRef = AA0EEFDC1B2F9871004CE5B5 /* CorePlot-CocoaTouch.xcodeproj */;
				},
			);
			projectRoot = "";
			targets = (
				AA0EEE311B2CD5D5004CE5B5 /* Sleep And Snoring */,
				AA0EEE4D1B2CD5D5004CE5B5 /* Sleep And SnoringTests */,
			);
		};
/* End PBXProject section */

/* Begin PBXReferenceProxy section */
		AA0EEFE31B2F9871004CE5B5 /* libCorePlot-CocoaTouch.a */ = {
			isa = PBXReferenceProxy;
			fileType = archive.ar;
			path = "libCorePlot-CocoaTouch.a";
			remoteRef = AA0EEFE21B2F9871004CE5B5 /* PBXContainerItemProxy */;
			sourceTree = BUILT_PRODUCTS_DIR;
		};
/* End PBXReferenceProxy section */

/* Begin PBXResourcesBuildPhase section */
		AA0EEE301B2CD5D5004CE5B5 /* Resources */ = {
			isa = PBXResourcesBuildPhase;
			buildActionMask = 2147483647;
			files = (
				AA0EEE491B2CD5D5004CE5B5 /* LaunchScreen.xib in Resources */,
				AA0D9E481B4B2B86009118B2 /* login.html in Resources */,
				AA0EEE461B2CD5D5004CE5B5 /* Images.xcassets in Resources */,
				AA7DCA5E1B4F452900F37C7A /* w3.css in Resources */,
				AA7DCA601B4F472A00F37C7A /* sheflogo.gif in Resources */,
				AA0EEFF71B31AAB7004CE5B5 /* ScatterPlot.xib in Resources */,
				AA0EEE7B1B2CD779004CE5B5 /* Main.storyboard in Resources */,
			);
			runOnlyForDeploymentPostprocessing = 0;
		};
		AA0EEE4C1B2CD5D5004CE5B5 /* Resources */ = {
			isa = PBXResourcesBuildPhase;
			buildActionMask = 2147483647;
			files = (
			);
			runOnlyForDeploymentPostprocessing = 0;
		};
/* End PBXResourcesBuildPhase section */

/* Begin PBXSourcesBuildPhase section */
		AA0EEE2E1B2CD5D5004CE5B5 /* Sources */ = {
			isa = PBXSourcesBuildPhase;
			buildActionMask = 2147483647;
			files = (
				AA0EEE691B2CD64D004CE5B5 /* OAuth2Authentication.m in Sources */,
				AA0AC9641B853D8500232E88 /* RecordingViewController.m in Sources */,
				AA0EEE741B2CD66A004CE5B5 /* FitbitActivity.m in Sources */,
				AA0EEE681B2CD64D004CE5B5 /* GTMHTTPFetcher.m in Sources */,
				AA0AC9771B853E8D00232E88 /* SoundLevelMeterView.m in Sources */,
				AA0AC9711B853E3100232E88 /* Constants.m in Sources */,
				AA0AC96C1B853DC500232E88 /* RecordingManager.m in Sources */,
				AA0EEFEB1B3045AA004CE5B5 /* SleepScatterPlotController.m in Sources */,
				AA0EEE671B2CD64D004CE5B5 /* APIFetcher.m in Sources */,
				AA0EEE6A1B2CD64D004CE5B5 /* OAuth2ViewController.m in Sources */,
				AA02C30F1B863C4900456113 /* MainNavigationController.m in Sources */,
				AA02C3171B87CBE400456113 /* LogTableController.m in Sources */,
				AA02C30A1B86106800456113 /* MainTabBarController.m in Sources */,
				AA0EEE3B1B2CD5D5004CE5B5 /* AppDelegate.m in Sources */,
				AA0AC9741B853E6700232E88 /* Model.m in Sources */,
				AA0EEE771B2CD66A004CE5B5 /* Sleep2DLandscapeView.m in Sources */,
				AA0EEE3E1B2CD5D5004CE5B5 /* Sleep_And_Snoring.xcdatamodeld in Sources */,
				AA0EEE411B2CD5D5004CE5B5 /* SleepSnoringViewController.m in Sources */,
				AA0AC97E1B853EB500232E88 /* SSKeychainQuery.m in Sources */,
				AA005E301B7FFFD8007DAF05 /* StringConverter.m in Sources */,
				AA02C31A1B87D84500456113 /* AudioManager.m in Sources */,
				AA0AC97D1B853EB500232E88 /* SSKeychain.m in Sources */,
				AA0EEE381B2CD5D5004CE5B5 /* main.m in Sources */,
				AA0EEE761B2CD66A004CE5B5 /* FitbitUser.m in Sources */,
				AA0EEE751B2CD66A004CE5B5 /* FitbitSleep.m in Sources */,
				AAAD011F1B72550B004B289A /* FitbitHeartRate.m in Sources */,
				AA3BADE31B55587900A03093 /* GenericDate.m in Sources */,
			);
			runOnlyForDeploymentPostprocessing = 0;
		};
		AA0EEE4A1B2CD5D5004CE5B5 /* Sources */ = {
			isa = PBXSourcesBuildPhase;
			buildActionMask = 2147483647;
			files = (
				AA0EEE551B2CD5D5004CE5B5 /* Sleep_And_SnoringTests.m in Sources */,
			);
			runOnlyForDeploymentPostprocessing = 0;
		};
/* End PBXSourcesBuildPhase section */

/* Begin PBXTargetDependency section */
		AA0EEE501B2CD5D5004CE5B5 /* PBXTargetDependency */ = {
			isa = PBXTargetDependency;
			target = AA0EEE311B2CD5D5004CE5B5 /* Sleep And Snoring */;
			targetProxy = AA0EEE4F1B2CD5D5004CE5B5 /* PBXContainerItemProxy */;
		};
		AA0EEFE51B2F98CB004CE5B5 /* PBXTargetDependency */ = {
			isa = PBXTargetDependency;
			name = "CorePlot-CocoaTouch";
			targetProxy = AA0EEFE41B2F98CB004CE5B5 /* PBXContainerItemProxy */;
		};
/* End PBXTargetDependency section */

/* Begin PBXVariantGroup section */
		AA0EEE471B2CD5D5004CE5B5 /* LaunchScreen.xib */ = {
			isa = PBXVariantGroup;
			children = (
				AA0EEE481B2CD5D5004CE5B5 /* Base */,
			);
			name = LaunchScreen.xib;
			sourceTree = "<group>";
		};
/* End PBXVariantGroup section */

/* Begin XCBuildConfiguration section */
		AA0EEE561B2CD5D5004CE5B5 /* Debug */ = {
			isa = XCBuildConfiguration;
			buildSettings = {
				ALWAYS_SEARCH_USER_PATHS = NO;
				CLANG_CXX_LANGUAGE_STANDARD = "gnu++0x";
				CLANG_CXX_LIBRARY = "libc++";
				CLANG_ENABLE_MODULES = YES;
				CLANG_ENABLE_OBJC_ARC = YES;
				CLANG_WARN_BOOL_CONVERSION = YES;
				CLANG_WARN_CONSTANT_CONVERSION = YES;
				CLANG_WARN_DIRECT_OBJC_ISA_USAGE = YES_ERROR;
				CLANG_WARN_EMPTY_BODY = YES;
				CLANG_WARN_ENUM_CONVERSION = YES;
				CLANG_WARN_INT_CONVERSION = YES;
				CLANG_WARN_OBJC_ROOT_CLASS = YES_ERROR;
				CLANG_WARN_UNREACHABLE_CODE = YES;
				CLANG_WARN__DUPLICATE_METHOD_MATCH = YES;
				"CODE_SIGN_IDENTITY[sdk=iphoneos*]" = "iPhone Developer";
				COPY_PHASE_STRIP = NO;
				DEBUG_INFORMATION_FORMAT = "dwarf-with-dsym";
				ENABLE_STRICT_OBJC_MSGSEND = YES;
				GCC_C_LANGUAGE_STANDARD = gnu99;
				GCC_DYNAMIC_NO_PIC = NO;
				GCC_NO_COMMON_BLOCKS = YES;
				GCC_OPTIMIZATION_LEVEL = 0;
				GCC_PREPROCESSOR_DEFINITIONS = (
					"DEBUG=1",
					"$(inherited)",
				);
				GCC_SYMBOLS_PRIVATE_EXTERN = NO;
				GCC_WARN_64_TO_32_BIT_CONVERSION = YES;
				GCC_WARN_ABOUT_RETURN_TYPE = YES_ERROR;
				GCC_WARN_UNDECLARED_SELECTOR = YES;
				GCC_WARN_UNINITIALIZED_AUTOS = YES_AGGRESSIVE;
				GCC_WARN_UNUSED_FUNCTION = YES;
				GCC_WARN_UNUSED_VARIABLE = YES;
				IPHONEOS_DEPLOYMENT_TARGET = 8.3;
				MTL_ENABLE_DEBUG_INFO = YES;
				ONLY_ACTIVE_ARCH = YES;
				SDKROOT = iphoneos;
			};
			name = Debug;
		};
		AA0EEE571B2CD5D5004CE5B5 /* Release */ = {
			isa = XCBuildConfiguration;
			buildSettings = {
				ALWAYS_SEARCH_USER_PATHS = NO;
				CLANG_CXX_LANGUAGE_STANDARD = "gnu++0x";
				CLANG_CXX_LIBRARY = "libc++";
				CLANG_ENABLE_MODULES = YES;
				CLANG_ENABLE_OBJC_ARC = YES;
				CLANG_WARN_BOOL_CONVERSION = YES;
				CLANG_WARN_CONSTANT_CONVERSION = YES;
				CLANG_WARN_DIRECT_OBJC_ISA_USAGE = YES_ERROR;
				CLANG_WARN_EMPTY_BODY = YES;
				CLANG_WARN_ENUM_CONVERSION = YES;
				CLANG_WARN_INT_CONVERSION = YES;
				CLANG_WARN_OBJC_ROOT_CLASS = YES_ERROR;
				CLANG_WARN_UNREACHABLE_CODE = YES;
				CLANG_WARN__DUPLICATE_METHOD_MATCH = YES;
				"CODE_SIGN_IDENTITY[sdk=iphoneos*]" = "iPhone Developer";
				COPY_PHASE_STRIP = NO;
				DEBUG_INFORMATION_FORMAT = "dwarf-with-dsym";
				ENABLE_NS_ASSERTIONS = NO;
				ENABLE_STRICT_OBJC_MSGSEND = YES;
				GCC_C_LANGUAGE_STANDARD = gnu99;
				GCC_NO_COMMON_BLOCKS = YES;
				GCC_WARN_64_TO_32_BIT_CONVERSION = YES;
				GCC_WARN_ABOUT_RETURN_TYPE = YES_ERROR;
				GCC_WARN_UNDECLARED_SELECTOR = YES;
				GCC_WARN_UNINITIALIZED_AUTOS = YES_AGGRESSIVE;
				GCC_WARN_UNUSED_FUNCTION = YES;
				GCC_WARN_UNUSED_VARIABLE = YES;
				IPHONEOS_DEPLOYMENT_TARGET = 8.3;
				MTL_ENABLE_DEBUG_INFO = NO;
				SDKROOT = iphoneos;
				VALIDATE_PRODUCT = YES;
			};
			name = Release;
		};
		AA0EEE591B2CD5D5004CE5B5 /* Debug */ = {
			isa = XCBuildConfiguration;
			buildSettings = {
				ASSETCATALOG_COMPILER_APPICON_NAME = AppIcon;
				CODE_SIGN_IDENTITY = "iPhone Developer";
				FRAMEWORK_SEARCH_PATHS = (
					"$(inherited)",
					"$(PROJECT_DIR)",
				);
				HEADER_SEARCH_PATHS = (
					"$(inherited)",
					/Applications/Xcode.app/Contents/Developer/Toolchains/XcodeDefault.xctoolchain/usr/include,
					"./CoreplotFramework/**",
				);
				INFOPLIST_FILE = "Sleep And Snoring/Info.plist";
				LD_RUNPATH_SEARCH_PATHS = "$(inherited) @executable_path/Frameworks";
				ONLY_ACTIVE_ARCH = YES;
				OTHER_LDFLAGS = "-ObjC";
				PRODUCT_NAME = "$(TARGET_NAME)";
			};
			name = Debug;
		};
		AA0EEE5A1B2CD5D5004CE5B5 /* Release */ = {
			isa = XCBuildConfiguration;
			buildSettings = {
				ASSETCATALOG_COMPILER_APPICON_NAME = AppIcon;
				CODE_SIGN_IDENTITY = "iPhone Developer";
				FRAMEWORK_SEARCH_PATHS = (
					"$(inherited)",
					"$(PROJECT_DIR)",
				);
				HEADER_SEARCH_PATHS = (
					"$(inherited)",
					/Applications/Xcode.app/Contents/Developer/Toolchains/XcodeDefault.xctoolchain/usr/include,
					"./CoreplotFramework/**",
				);
				INFOPLIST_FILE = "Sleep And Snoring/Info.plist";
				LD_RUNPATH_SEARCH_PATHS = "$(inherited) @executable_path/Frameworks";
				OTHER_LDFLAGS = "-ObjC";
				PRODUCT_NAME = "$(TARGET_NAME)";
			};
			name = Release;
		};
		AA0EEE5C1B2CD5D5004CE5B5 /* Debug */ = {
			isa = XCBuildConfiguration;
			buildSettings = {
				BUNDLE_LOADER = "$(TEST_HOST)";
				FRAMEWORK_SEARCH_PATHS = (
					"$(SDKROOT)/Developer/Library/Frameworks",
					"$(inherited)",
				);
				GCC_PREPROCESSOR_DEFINITIONS = (
					"DEBUG=1",
					"$(inherited)",
				);
				INFOPLIST_FILE = "Sleep And SnoringTests/Info.plist";
				LD_RUNPATH_SEARCH_PATHS = "$(inherited) @executable_path/Frameworks @loader_path/Frameworks";
				PRODUCT_NAME = "$(TARGET_NAME)";
				TEST_HOST = "$(BUILT_PRODUCTS_DIR)/Sleep And Snoring.app/Sleep And Snoring";
			};
			name = Debug;
		};
		AA0EEE5D1B2CD5D5004CE5B5 /* Release */ = {
			isa = XCBuildConfiguration;
			buildSettings = {
				BUNDLE_LOADER = "$(TEST_HOST)";
				FRAMEWORK_SEARCH_PATHS = (
					"$(SDKROOT)/Developer/Library/Frameworks",
					"$(inherited)",
				);
				INFOPLIST_FILE = "Sleep And SnoringTests/Info.plist";
				LD_RUNPATH_SEARCH_PATHS = "$(inherited) @executable_path/Frameworks @loader_path/Frameworks";
				PRODUCT_NAME = "$(TARGET_NAME)";
				TEST_HOST = "$(BUILT_PRODUCTS_DIR)/Sleep And Snoring.app/Sleep And Snoring";
			};
			name = Release;
		};
/* End XCBuildConfiguration section */

/* Begin XCConfigurationList section */
		AA0EEE2D1B2CD5D5004CE5B5 /* Build configuration list for PBXProject "Sleep And Snoring" */ = {
			isa = XCConfigurationList;
			buildConfigurations = (
				AA0EEE561B2CD5D5004CE5B5 /* Debug */,
				AA0EEE571B2CD5D5004CE5B5 /* Release */,
			);
			defaultConfigurationIsVisible = 0;
			defaultConfigurationName = Release;
		};
		AA0EEE581B2CD5D5004CE5B5 /* Build configuration list for PBXNativeTarget "Sleep And Snoring" */ = {
			isa = XCConfigurationList;
			buildConfigurations = (
				AA0EEE591B2CD5D5004CE5B5 /* Debug */,
				AA0EEE5A1B2CD5D5004CE5B5 /* Release */,
			);
			defaultConfigurationIsVisible = 0;
			defaultConfigurationName = Release;
		};
		AA0EEE5B1B2CD5D5004CE5B5 /* Build configuration list for PBXNativeTarget "Sleep And SnoringTests" */ = {
			isa = XCConfigurationList;
			buildConfigurations = (
				AA0EEE5C1B2CD5D5004CE5B5 /* Debug */,
				AA0EEE5D1B2CD5D5004CE5B5 /* Release */,
			);
			defaultConfigurationIsVisible = 0;
			defaultConfigurationName = Release;
		};
/* End XCConfigurationList section */

/* Begin XCVersionGroup section */
		AA0EEE3C1B2CD5D5004CE5B5 /* Sleep_And_Snoring.xcdatamodeld */ = {
			isa = XCVersionGroup;
			children = (
				AA0EEE3D1B2CD5D5004CE5B5 /* Sleep_And_Snoring.xcdatamodel */,
			);
			currentVersion = AA0EEE3D1B2CD5D5004CE5B5 /* Sleep_And_Snoring.xcdatamodel */;
			path = Sleep_And_Snoring.xcdatamodeld;
			sourceTree = "<group>";
			versionGroupType = wrapper.xcdatamodel;
		};
/* End XCVersionGroup section */
	};
	rootObject = AA0EEE2A1B2CD5D5004CE5B5 /* Project object */;
}
